// !$*UTF8*$!
{
	archiveVersion = 1;
	classes = {
	};
	objectVersion = 50;
	objects = {

/* Begin PBXBuildFile section */
		84B531E8250428130087FBEF /* StringExtension.swift in Sources */ = {isa = PBXBuildFile; fileRef = 84B531E7250428130087FBEF /* StringExtension.swift */; };
		84B531EA250504BB0087FBEF /* SourceModel.swift in Sources */ = {isa = PBXBuildFile; fileRef = 84B531E9250504BA0087FBEF /* SourceModel.swift */; };
		84B531EE250509080087FBEF /* SourceParemetersModel.swift in Sources */ = {isa = PBXBuildFile; fileRef = 84B531ED250509080087FBEF /* SourceParemetersModel.swift */; };
		84B964D12501972D00B1B079 /* AppDelegate.swift in Sources */ = {isa = PBXBuildFile; fileRef = 84B964D02501972D00B1B079 /* AppDelegate.swift */; };
		84B964D32501972D00B1B079 /* SceneDelegate.swift in Sources */ = {isa = PBXBuildFile; fileRef = 84B964D22501972D00B1B079 /* SceneDelegate.swift */; };
		84B964D82501972D00B1B079 /* Main.storyboard in Resources */ = {isa = PBXBuildFile; fileRef = 84B964D62501972D00B1B079 /* Main.storyboard */; };
		84B964DA2501973000B1B079 /* Assets.xcassets in Resources */ = {isa = PBXBuildFile; fileRef = 84B964D92501973000B1B079 /* Assets.xcassets */; };
		84B964DD2501973000B1B079 /* LaunchScreen.storyboard in Resources */ = {isa = PBXBuildFile; fileRef = 84B964DB2501973000B1B079 /* LaunchScreen.storyboard */; };
		84B964E82501983800B1B079 /* NewsViewController.swift in Sources */ = {isa = PBXBuildFile; fileRef = 84B964E72501983800B1B079 /* NewsViewController.swift */; };
		84B964EB2501998200B1B079 /* Filters.storyboard in Resources */ = {isa = PBXBuildFile; fileRef = 84B964E92501998200B1B079 /* Filters.storyboard */; };
		84B964ED25019BA100B1B079 /* FiltersViewController.swift in Sources */ = {isa = PBXBuildFile; fileRef = 84B964EC25019BA100B1B079 /* FiltersViewController.swift */; };
		84FE417E2503BB02005F7187 /* ArticleCell.swift in Sources */ = {isa = PBXBuildFile; fileRef = 84FE417D2503BB02005F7187 /* ArticleCell.swift */; };
		84FE41822503BE5A005F7187 /* UIImageViewExtension.swift in Sources */ = {isa = PBXBuildFile; fileRef = 84FE41812503BE5A005F7187 /* UIImageViewExtension.swift */; };
		84FE41852503D387005F7187 /* NewsModel.swift in Sources */ = {isa = PBXBuildFile; fileRef = 84FE41842503D387005F7187 /* NewsModel.swift */; };
		84FE41872503D5F4005F7187 /* NewsAPI.swift in Sources */ = {isa = PBXBuildFile; fileRef = 84FE41862503D5F4005F7187 /* NewsAPI.swift */; };
/* End PBXBuildFile section */

/* Begin PBXFileReference section */
		84B531E7250428130087FBEF /* StringExtension.swift */ = {isa = PBXFileReference; lastKnownFileType = sourcecode.swift; path = StringExtension.swift; sourceTree = "<group>"; };
		84B531E9250504BA0087FBEF /* SourceModel.swift */ = {isa = PBXFileReference; lastKnownFileType = sourcecode.swift; path = SourceModel.swift; sourceTree = "<group>"; };
		84B531ED250509080087FBEF /* SourceParemetersModel.swift */ = {isa = PBXFileReference; lastKnownFileType = sourcecode.swift; path = SourceParemetersModel.swift; sourceTree = "<group>"; };
		84B964CD2501972D00B1B079 /* NewsPecodePT.app */ = {isa = PBXFileReference; explicitFileType = wrapper.application; includeInIndex = 0; path = NewsPecodePT.app; sourceTree = BUILT_PRODUCTS_DIR; };
		84B964D02501972D00B1B079 /* AppDelegate.swift */ = {isa = PBXFileReference; lastKnownFileType = sourcecode.swift; path = AppDelegate.swift; sourceTree = "<group>"; };
		84B964D22501972D00B1B079 /* SceneDelegate.swift */ = {isa = PBXFileReference; lastKnownFileType = sourcecode.swift; path = SceneDelegate.swift; sourceTree = "<group>"; };
		84B964D72501972D00B1B079 /* Base */ = {isa = PBXFileReference; lastKnownFileType = file.storyboard; name = Base; path = Base.lproj/Main.storyboard; sourceTree = "<group>"; };
		84B964D92501973000B1B079 /* Assets.xcassets */ = {isa = PBXFileReference; lastKnownFileType = folder.assetcatalog; path = Assets.xcassets; sourceTree = "<group>"; };
		84B964DC2501973000B1B079 /* Base */ = {isa = PBXFileReference; lastKnownFileType = file.storyboard; name = Base; path = Base.lproj/LaunchScreen.storyboard; sourceTree = "<group>"; };
		84B964DE2501973000B1B079 /* Info.plist */ = {isa = PBXFileReference; lastKnownFileType = text.plist.xml; path = Info.plist; sourceTree = "<group>"; };
		84B964E72501983800B1B079 /* NewsViewController.swift */ = {isa = PBXFileReference; lastKnownFileType = sourcecode.swift; path = NewsViewController.swift; sourceTree = "<group>"; };
		84B964EA2501998200B1B079 /* Base */ = {isa = PBXFileReference; lastKnownFileType = file.storyboard; name = Base; path = NewsPecodePT/Storyboards/Base.lproj/Filters.storyboard; sourceTree = "<group>"; };
		84B964EC25019BA100B1B079 /* FiltersViewController.swift */ = {isa = PBXFileReference; lastKnownFileType = sourcecode.swift; path = FiltersViewController.swift; sourceTree = "<group>"; };
		84FE417D2503BB02005F7187 /* ArticleCell.swift */ = {isa = PBXFileReference; lastKnownFileType = sourcecode.swift; path = ArticleCell.swift; sourceTree = "<group>"; };
		84FE41812503BE5A005F7187 /* UIImageViewExtension.swift */ = {isa = PBXFileReference; lastKnownFileType = sourcecode.swift; path = UIImageViewExtension.swift; sourceTree = "<group>"; };
		84FE41842503D387005F7187 /* NewsModel.swift */ = {isa = PBXFileReference; lastKnownFileType = sourcecode.swift; path = NewsModel.swift; sourceTree = "<group>"; };
		84FE41862503D5F4005F7187 /* NewsAPI.swift */ = {isa = PBXFileReference; lastKnownFileType = sourcecode.swift; path = NewsAPI.swift; sourceTree = "<group>"; };
/* End PBXFileReference section */

/* Begin PBXFrameworksBuildPhase section */
		84B964CA2501972D00B1B079 /* Frameworks */ = {
			isa = PBXFrameworksBuildPhase;
			buildActionMask = 2147483647;
			files = (
			);
			runOnlyForDeploymentPostprocessing = 0;
		};
/* End PBXFrameworksBuildPhase section */

/* Begin PBXGroup section */
		84B964C42501972D00B1B079 = {
			isa = PBXGroup;
			children = (
				84B964CF2501972D00B1B079 /* NewsPecodePT */,
				84B964CE2501972D00B1B079 /* Products */,
			);
			sourceTree = "<group>";
		};
		84B964CE2501972D00B1B079 /* Products */ = {
			isa = PBXGroup;
			children = (
				84B964CD2501972D00B1B079 /* NewsPecodePT.app */,
			);
			name = Products;
			sourceTree = "<group>";
		};
		84B964CF2501972D00B1B079 /* NewsPecodePT */ = {
			isa = PBXGroup;
			children = (
				84B964E6250197B500B1B079 /* Models */,
				84FE417C2503BAC4005F7187 /* Views */,
				84B964E4250197A100B1B079 /* Controllers */,
				84B964E5250197AA00B1B079 /* Storyboards */,
				84FE41832503D15D005F7187 /* Networking */,
				84FE417F2503BE12005F7187 /* Supporting Files */,
				84B964D02501972D00B1B079 /* AppDelegate.swift */,
				84B964D22501972D00B1B079 /* SceneDelegate.swift */,
				84B964D92501973000B1B079 /* Assets.xcassets */,
				84B964DB2501973000B1B079 /* LaunchScreen.storyboard */,
				84B964DE2501973000B1B079 /* Info.plist */,
			);
			path = NewsPecodePT;
			sourceTree = "<group>";
		};
		84B964E4250197A100B1B079 /* Controllers */ = {
			isa = PBXGroup;
			children = (
				84B964E72501983800B1B079 /* NewsViewController.swift */,
				84B964EC25019BA100B1B079 /* FiltersViewController.swift */,
			);
			path = Controllers;
			sourceTree = "<group>";
		};
		84B964E5250197AA00B1B079 /* Storyboards */ = {
			isa = PBXGroup;
			children = (
				84B964E92501998200B1B079 /* Filters.storyboard */,
				84B964D62501972D00B1B079 /* Main.storyboard */,
			);
			path = Storyboards;
			sourceTree = "<group>";
		};
		84B964E6250197B500B1B079 /* Models */ = {
			isa = PBXGroup;
			children = (
				84FE41842503D387005F7187 /* NewsModel.swift */,
				84B531E9250504BA0087FBEF /* SourceModel.swift */,
				84B531ED250509080087FBEF /* SourceParemetersModel.swift */,
			);
			path = Models;
			sourceTree = "<group>";
		};
		84FE417C2503BAC4005F7187 /* Views */ = {
			isa = PBXGroup;
			children = (
				84FE417D2503BB02005F7187 /* ArticleCell.swift */,
			);
			path = Views;
			sourceTree = "<group>";
		};
		84FE417F2503BE12005F7187 /* Supporting Files */ = {
			isa = PBXGroup;
			children = (
				84FE41802503BE2B005F7187 /* Extensions */,
			);
			path = "Supporting Files";
			sourceTree = "<group>";
		};
		84FE41802503BE2B005F7187 /* Extensions */ = {
			isa = PBXGroup;
			children = (
				84FE41812503BE5A005F7187 /* UIImageViewExtension.swift */,
				84B531E7250428130087FBEF /* StringExtension.swift */,
			);
			path = Extensions;
			sourceTree = "<group>";
		};
		84FE41832503D15D005F7187 /* Networking */ = {
			isa = PBXGroup;
			children = (
				84FE41862503D5F4005F7187 /* NewsAPI.swift */,
			);
			path = Networking;
			sourceTree = "<group>";
		};
/* End PBXGroup section */

/* Begin PBXNativeTarget section */
		84B964CC2501972D00B1B079 /* NewsPecodePT */ = {
			isa = PBXNativeTarget;
			buildConfigurationList = 84B964E12501973000B1B079 /* Build configuration list for PBXNativeTarget "NewsPecodePT" */;
			buildPhases = (
				84B964C92501972D00B1B079 /* Sources */,
				84B964CA2501972D00B1B079 /* Frameworks */,
				84B964CB2501972D00B1B079 /* Resources */,
			);
			buildRules = (
			);
			dependencies = (
			);
			name = NewsPecodePT;
			productName = NewsPecodePT;
			productReference = 84B964CD2501972D00B1B079 /* NewsPecodePT.app */;
			productType = "com.apple.product-type.application";
		};
/* End PBXNativeTarget section */

/* Begin PBXProject section */
		84B964C52501972D00B1B079 /* Project object */ = {
			isa = PBXProject;
			attributes = {
				LastSwiftUpdateCheck = 1160;
				LastUpgradeCheck = 1160;
				ORGANIZATIONNAME = Me;
				TargetAttributes = {
					84B964CC2501972D00B1B079 = {
						CreatedOnToolsVersion = 11.6;
					};
				};
			};
			buildConfigurationList = 84B964C82501972D00B1B079 /* Build configuration list for PBXProject "NewsPecodePT" */;
			compatibilityVersion = "Xcode 9.3";
			developmentRegion = en;
			hasScannedForEncodings = 0;
			knownRegions = (
				en,
				Base,
			);
			mainGroup = 84B964C42501972D00B1B079;
			productRefGroup = 84B964CE2501972D00B1B079 /* Products */;
			projectDirPath = "";
			projectRoot = "";
			targets = (
				84B964CC2501972D00B1B079 /* NewsPecodePT */,
			);
		};
/* End PBXProject section */

/* Begin PBXResourcesBuildPhase section */
		84B964CB2501972D00B1B079 /* Resources */ = {
			isa = PBXResourcesBuildPhase;
			buildActionMask = 2147483647;
			files = (
				84B964DD2501973000B1B079 /* LaunchScreen.storyboard in Resources */,
				84B964DA2501973000B1B079 /* Assets.xcassets in Resources */,
				84B964EB2501998200B1B079 /* Filters.storyboard in Resources */,
				84B964D82501972D00B1B079 /* Main.storyboard in Resources */,
			);
			runOnlyForDeploymentPostprocessing = 0;
		};
/* End PBXResourcesBuildPhase section */

/* Begin PBXSourcesBuildPhase section */
		84B964C92501972D00B1B079 /* Sources */ = {
			isa = PBXSourcesBuildPhase;
			buildActionMask = 2147483647;
			files = (
				84FE41852503D387005F7187 /* NewsModel.swift in Sources */,
				84B964E82501983800B1B079 /* NewsViewController.swift in Sources */,
				84B964D12501972D00B1B079 /* AppDelegate.swift in Sources */,
				84FE41822503BE5A005F7187 /* UIImageViewExtension.swift in Sources */,
				84B531EA250504BB0087FBEF /* SourceModel.swift in Sources */,
				84B964ED25019BA100B1B079 /* FiltersViewController.swift in Sources */,
				84B531EE250509080087FBEF /* SourceParemetersModel.swift in Sources */,
				84B531E8250428130087FBEF /* StringExtension.swift in Sources */,
				84FE417E2503BB02005F7187 /* ArticleCell.swift in Sources */,
				84B964D32501972D00B1B079 /* SceneDelegate.swift in Sources */,
				84FE41872503D5F4005F7187 /* NewsAPI.swift in Sources */,
			);
			runOnlyForDeploymentPostprocessing = 0;
		};
/* End PBXSourcesBuildPhase section */

/* Begin PBXVariantGroup section */
		84B964D62501972D00B1B079 /* Main.storyboard */ = {
			isa = PBXVariantGroup;
			children = (
				84B964D72501972D00B1B079 /* Base */,
			);
			name = Main.storyboard;
			sourceTree = "<group>";
		};
		84B964DB2501973000B1B079 /* LaunchScreen.storyboard */ = {
			isa = PBXVariantGroup;
			children = (
				84B964DC2501973000B1B079 /* Base */,
			);
			name = LaunchScreen.storyboard;
			sourceTree = "<group>";
		};
		84B964E92501998200B1B079 /* Filters.storyboard */ = {
			isa = PBXVariantGroup;
			children = (
				84B964EA2501998200B1B079 /* Base */,
			);
			name = Filters.storyboard;
			sourceTree = "<group>";
		};
/* End PBXVariantGroup section */

/* Begin XCBuildConfiguration section */
		84B964DF2501973000B1B079 /* Debug */ = {
			isa = XCBuildConfiguration;
			buildSettings = {
				ALWAYS_SEARCH_USER_PATHS = NO;
				CLANG_ANALYZER_NONNULL = YES;
				CLANG_ANALYZER_NUMBER_OBJECT_CONVERSION = YES_AGGRESSIVE;
				CLANG_CXX_LANGUAGE_STANDARD = "gnu++14";
				CLANG_CXX_LIBRARY = "libc++";
				CLANG_ENABLE_MODULES = YES;
				CLANG_ENABLE_OBJC_ARC = YES;
				CLANG_ENABLE_OBJC_WEAK = YES;
				CLANG_WARN_BLOCK_CAPTURE_AUTORELEASING = YES;
				CLANG_WARN_BOOL_CONVERSION = YES;
				CLANG_WARN_COMMA = YES;
				CLANG_WARN_CONSTANT_CONVERSION = YES;
				CLANG_WARN_DEPRECATED_OBJC_IMPLEMENTATIONS = YES;
				CLANG_WARN_DIRECT_OBJC_ISA_USAGE = YES_ERROR;
				CLANG_WARN_DOCUMENTATION_COMMENTS = YES;
				CLANG_WARN_EMPTY_BODY = YES;
				CLANG_WARN_ENUM_CONVERSION = YES;
				CLANG_WARN_INFINITE_RECURSION = YES;
				CLANG_WARN_INT_CONVERSION = YES;
				CLANG_WARN_NON_LITERAL_NULL_CONVERSION = YES;
				CLANG_WARN_OBJC_IMPLICIT_RETAIN_SELF = YES;
				CLANG_WARN_OBJC_LITERAL_CONVERSION = YES;
				CLANG_WARN_OBJC_ROOT_CLASS = YES_ERROR;
				CLANG_WARN_RANGE_LOOP_ANALYSIS = YES;
				CLANG_WARN_STRICT_PROTOTYPES = YES;
				CLANG_WARN_SUSPICIOUS_MOVE = YES;
				CLANG_WARN_UNGUARDED_AVAILABILITY = YES_AGGRESSIVE;
				CLANG_WARN_UNREACHABLE_CODE = YES;
				CLANG_WARN__DUPLICATE_METHOD_MATCH = YES;
				COPY_PHASE_STRIP = NO;
				DEBUG_INFORMATION_FORMAT = dwarf;
				ENABLE_STRICT_OBJC_MSGSEND = YES;
				ENABLE_TESTABILITY = YES;
				GCC_C_LANGUAGE_STANDARD = gnu11;
				GCC_DYNAMIC_NO_PIC = NO;
				GCC_NO_COMMON_BLOCKS = YES;
				GCC_OPTIMIZATION_LEVEL = 0;
				GCC_PREPROCESSOR_DEFINITIONS = (
					"DEBUG=1",
					"$(inherited)",
				);
				GCC_WARN_64_TO_32_BIT_CONVERSION = YES;
				GCC_WARN_ABOUT_RETURN_TYPE = YES_ERROR;
				GCC_WARN_UNDECLARED_SELECTOR = YES;
				GCC_WARN_UNINITIALIZED_AUTOS = YES_AGGRESSIVE;
				GCC_WARN_UNUSED_FUNCTION = YES;
				GCC_WARN_UNUSED_VARIABLE = YES;
				IPHONEOS_DEPLOYMENT_TARGET = 13.6;
				MTL_ENABLE_DEBUG_INFO = INCLUDE_SOURCE;
				MTL_FAST_MATH = YES;
				ONLY_ACTIVE_ARCH = YES;
				SDKROOT = iphoneos;
				SWIFT_ACTIVE_COMPILATION_CONDITIONS = DEBUG;
				SWIFT_OPTIMIZATION_LEVEL = "-Onone";
			};
			name = Debug;
		};
		84B964E02501973000B1B079 /* Release */ = {
			isa = XCBuildConfiguration;
			buildSettings = {
				ALWAYS_SEARCH_USER_PATHS = NO;
				CLANG_ANALYZER_NONNULL = YES;
				CLANG_ANALYZER_NUMBER_OBJECT_CONVERSION = YES_AGGRESSIVE;
				CLANG_CXX_LANGUAGE_STANDARD = "gnu++14";
				CLANG_CXX_LIBRARY = "libc++";
				CLANG_ENABLE_MODULES = YES;
				CLANG_ENABLE_OBJC_ARC = YES;
				CLANG_ENABLE_OBJC_WEAK = YES;
				CLANG_WARN_BLOCK_CAPTURE_AUTORELEASING = YES;
				CLANG_WARN_BOOL_CONVERSION = YES;
				CLANG_WARN_COMMA = YES;
				CLANG_WARN_CONSTANT_CONVERSION = YES;
				CLANG_WARN_DEPRECATED_OBJC_IMPLEMENTATIONS = YES;
				CLANG_WARN_DIRECT_OBJC_ISA_USAGE = YES_ERROR;
				CLANG_WARN_DOCUMENTATION_COMMENTS = YES;
				CLANG_WARN_EMPTY_BODY = YES;
				CLANG_WARN_ENUM_CONVERSION = YES;
				CLANG_WARN_INFINITE_RECURSION = YES;
				CLANG_WARN_INT_CONVERSION = YES;
				CLANG_WARN_NON_LITERAL_NULL_CONVERSION = YES;
				CLANG_WARN_OBJC_IMPLICIT_RETAIN_SELF = YES;
				CLANG_WARN_OBJC_LITERAL_CONVERSION = YES;
				CLANG_WARN_OBJC_ROOT_CLASS = YES_ERROR;
				CLANG_WARN_RANGE_LOOP_ANALYSIS = YES;
				CLANG_WARN_STRICT_PROTOTYPES = YES;
				CLANG_WARN_SUSPICIOUS_MOVE = YES;
				CLANG_WARN_UNGUARDED_AVAILABILITY = YES_AGGRESSIVE;
				CLANG_WARN_UNREACHABLE_CODE = YES;
				CLANG_WARN__DUPLICATE_METHOD_MATCH = YES;
				COPY_PHASE_STRIP = NO;
				DEBUG_INFORMATION_FORMAT = "dwarf-with-dsym";
				ENABLE_NS_ASSERTIONS = NO;
				ENABLE_STRICT_OBJC_MSGSEND = YES;
				GCC_C_LANGUAGE_STANDARD = gnu11;
				GCC_NO_COMMON_BLOCKS = YES;
				GCC_WARN_64_TO_32_BIT_CONVERSION = YES;
				GCC_WARN_ABOUT_RETURN_TYPE = YES_ERROR;
				GCC_WARN_UNDECLARED_SELECTOR = YES;
				GCC_WARN_UNINITIALIZED_AUTOS = YES_AGGRESSIVE;
				GCC_WARN_UNUSED_FUNCTION = YES;
				GCC_WARN_UNUSED_VARIABLE = YES;
				IPHONEOS_DEPLOYMENT_TARGET = 13.6;
				MTL_ENABLE_DEBUG_INFO = NO;
				MTL_FAST_MATH = YES;
				SDKROOT = iphoneos;
				SWIFT_COMPILATION_MODE = wholemodule;
				SWIFT_OPTIMIZATION_LEVEL = "-O";
				VALIDATE_PRODUCT = YES;
			};
			name = Release;
		};
		84B964E22501973000B1B079 /* Debug */ = {
			isa = XCBuildConfiguration;
			buildSettings = {
				ASSETCATALOG_COMPILER_APPICON_NAME = AppIcon;
				CODE_SIGN_STYLE = Automatic;
				INFOPLIST_FILE = NewsPecodePT/Info.plist;
				IPHONEOS_DEPLOYMENT_TARGET = 10.0;
				LD_RUNPATH_SEARCH_PATHS = (
					"$(inherited)",
					"@executable_path/Frameworks",
				);
				PRODUCT_BUNDLE_IDENTIFIER = ME.NewsPecodePT;
				PRODUCT_NAME = "$(TARGET_NAME)";
				SWIFT_VERSION = 5.0;
				TARGETED_DEVICE_FAMILY = 1;
			};
			name = Debug;
		};
		84B964E32501973000B1B079 /* Release */ = {
			isa = XCBuildConfiguration;
			buildSettings = {
				ASSETCATALOG_COMPILER_APPICON_NAME = AppIcon;
				CODE_SIGN_STYLE = Automatic;
				INFOPLIST_FILE = NewsPecodePT/Info.plist;
				IPHONEOS_DEPLOYMENT_TARGET = 10.0;
				LD_RUNPATH_SEARCH_PATHS = (
					"$(inherited)",
					"@executable_path/Frameworks",
				);
				PRODUCT_BUNDLE_IDENTIFIER = ME.NewsPecodePT;
				PRODUCT_NAME = "$(TARGET_NAME)";
				SWIFT_VERSION = 5.0;
				TARGETED_DEVICE_FAMILY = 1;
			};
			name = Release;
		};
/* End XCBuildConfiguration section */

/* Begin XCConfigurationList section */
		84B964C82501972D00B1B079 /* Build configuration list for PBXProject "NewsPecodePT" */ = {
			isa = XCConfigurationList;
			buildConfigurations = (
				84B964DF2501973000B1B079 /* Debug */,
				84B964E02501973000B1B079 /* Release */,
			);
			defaultConfigurationIsVisible = 0;
			defaultConfigurationName = Release;
		};
		84B964E12501973000B1B079 /* Build configuration list for PBXNativeTarget "NewsPecodePT" */ = {
			isa = XCConfigurationList;
			buildConfigurations = (
				84B964E22501973000B1B079 /* Debug */,
				84B964E32501973000B1B079 /* Release */,
			);
			defaultConfigurationIsVisible = 0;
			defaultConfigurationName = Release;
		};
/* End XCConfigurationList section */
	};
	rootObject = 84B964C52501972D00B1B079 /* Project object */;
}
